// !$*UTF8*$!
{
	archiveVersion = 1;
	classes = {
	};
	objectVersion = 56;
	objects = {

/* Begin PBXBuildFile section */
		8E3EFFB729E2BB7600137007 /* AppDelegate.swift in Sources */ = {isa = PBXBuildFile; fileRef = 8E3EFFB629E2BB7600137007 /* AppDelegate.swift */; };
		8E3EFFB929E2BB7600137007 /* SceneDelegate.swift in Sources */ = {isa = PBXBuildFile; fileRef = 8E3EFFB829E2BB7600137007 /* SceneDelegate.swift */; };
		8E3EFFBB29E2BB7600137007 /* ViewController.swift in Sources */ = {isa = PBXBuildFile; fileRef = 8E3EFFBA29E2BB7600137007 /* ViewController.swift */; };
		8E3EFFBE29E2BB7600137007 /* Main.storyboard in Resources */ = {isa = PBXBuildFile; fileRef = 8E3EFFBC29E2BB7600137007 /* Main.storyboard */; };
		8E3EFFC029E2BB7700137007 /* Assets.xcassets in Resources */ = {isa = PBXBuildFile; fileRef = 8E3EFFBF29E2BB7700137007 /* Assets.xcassets */; };
		8E3EFFC329E2BB7700137007 /* LaunchScreen.storyboard in Resources */ = {isa = PBXBuildFile; fileRef = 8E3EFFC129E2BB7700137007 /* LaunchScreen.storyboard */; };
		8E3EFFCF29E2BC9F00137007 /* Question.swift in Sources */ = {isa = PBXBuildFile; fileRef = 8E3EFFCE29E2BC9F00137007 /* Question.swift */; };
/* End PBXBuildFile section */

/* Begin PBXFileReference section */
		8E3EFFB329E2BB7600137007 /* PersonalQuizLKS.app */ = {isa = PBXFileReference; explicitFileType = wrapper.application; includeInIndex = 0; path = PersonalQuizLKS.app; sourceTree = BUILT_PRODUCTS_DIR; };
		8E3EFFB629E2BB7600137007 /* AppDelegate.swift */ = {isa = PBXFileReference; lastKnownFileType = sourcecode.swift; path = AppDelegate.swift; sourceTree = "<group>"; };
		8E3EFFB829E2BB7600137007 /* SceneDelegate.swift */ = {isa = PBXFileReference; lastKnownFileType = sourcecode.swift; path = SceneDelegate.swift; sourceTree = "<group>"; };
		8E3EFFBA29E2BB7600137007 /* ViewController.swift */ = {isa = PBXFileReference; lastKnownFileType = sourcecode.swift; path = ViewController.swift; sourceTree = "<group>"; };
		8E3EFFBD29E2BB7600137007 /* Base */ = {isa = PBXFileReference; lastKnownFileType = file.storyboard; name = Base; path = Base.lproj/Main.storyboard; sourceTree = "<group>"; };
		8E3EFFBF29E2BB7700137007 /* Assets.xcassets */ = {isa = PBXFileReference; lastKnownFileType = folder.assetcatalog; path = Assets.xcassets; sourceTree = "<group>"; };
		8E3EFFC229E2BB7700137007 /* Base */ = {isa = PBXFileReference; lastKnownFileType = file.storyboard; name = Base; path = Base.lproj/LaunchScreen.storyboard; sourceTree = "<group>"; };
		8E3EFFC429E2BB7700137007 /* Info.plist */ = {isa = PBXFileReference; lastKnownFileType = text.plist.xml; path = Info.plist; sourceTree = "<group>"; };
		8E3EFFCE29E2BC9F00137007 /* Question.swift */ = {isa = PBXFileReference; lastKnownFileType = sourcecode.swift; path = Question.swift; sourceTree = "<group>"; };
/* End PBXFileReference section */

/* Begin PBXFrameworksBuildPhase section */
		8E3EFFB029E2BB7600137007 /* Frameworks */ = {
			isa = PBXFrameworksBuildPhase;
			buildActionMask = 2147483647;
			files = (
			);
			runOnlyForDeploymentPostprocessing = 0;
		};
/* End PBXFrameworksBuildPhase section */

/* Begin PBXGroup section */
		8E3EFFAA29E2BB7600137007 = {
			isa = PBXGroup;
			children = (
				8E3EFFB529E2BB7600137007 /* PersonalQuizLKS */,
				8E3EFFB429E2BB7600137007 /* Products */,
			);
			sourceTree = "<group>";
		};
		8E3EFFB429E2BB7600137007 /* Products */ = {
			isa = PBXGroup;
			children = (
				8E3EFFB329E2BB7600137007 /* PersonalQuizLKS.app */,
			);
			name = Products;
			sourceTree = "<group>";
		};
		8E3EFFB529E2BB7600137007 /* PersonalQuizLKS */ = {
			isa = PBXGroup;
			children = (
				8E3EFFCA29E2BBB200137007 /* ViewControllers */,
				8E3EFFCD29E2BC0400137007 /* Models */,
				8E3EFFCB29E2BBCC00137007 /* App */,
				8E3EFFCC29E2BBE700137007 /* Storyboards */,
				8E3EFFBF29E2BB7700137007 /* Assets.xcassets */,
			);
			path = PersonalQuizLKS;
			sourceTree = "<group>";
		};
		8E3EFFCA29E2BBB200137007 /* ViewControllers */ = {
			isa = PBXGroup;
			children = (
				8E3EFFBA29E2BB7600137007 /* ViewController.swift */,
			);
			path = ViewControllers;
			sourceTree = "<group>";
		};
		8E3EFFCB29E2BBCC00137007 /* App */ = {
			isa = PBXGroup;
			children = (
				8E3EFFB629E2BB7600137007 /* AppDelegate.swift */,
				8E3EFFB829E2BB7600137007 /* SceneDelegate.swift */,
				8E3EFFC429E2BB7700137007 /* Info.plist */,
			);
			path = App;
			sourceTree = "<group>";
		};
		8E3EFFCC29E2BBE700137007 /* Storyboards */ = {
			isa = PBXGroup;
			children = (
				8E3EFFBC29E2BB7600137007 /* Main.storyboard */,
				8E3EFFC129E2BB7700137007 /* LaunchScreen.storyboard */,
			);
			path = Storyboards;
			sourceTree = "<group>";
		};
		8E3EFFCD29E2BC0400137007 /* Models */ = {
			isa = PBXGroup;
			children = (
				8E3EFFCE29E2BC9F00137007 /* Question.swift */,
			);
			path = Models;
			sourceTree = "<group>";
		};
/* End PBXGroup section */

/* Begin PBXNativeTarget section */
		8E3EFFB229E2BB7600137007 /* PersonalQuizLKS */ = {
			isa = PBXNativeTarget;
			buildConfigurationList = 8E3EFFC729E2BB7700137007 /* Build configuration list for PBXNativeTarget "PersonalQuizLKS" */;
			buildPhases = (
				8E3EFFAF29E2BB7600137007 /* Sources */,
				8E3EFFB029E2BB7600137007 /* Frameworks */,
				8E3EFFB129E2BB7600137007 /* Resources */,
			);
			buildRules = (
			);
			dependencies = (
			);
			name = PersonalQuizLKS;
			productName = PersonalQuizLKS;
			productReference = 8E3EFFB329E2BB7600137007 /* PersonalQuizLKS.app */;
			productType = "com.apple.product-type.application";
		};
/* End PBXNativeTarget section */

/* Begin PBXProject section */
		8E3EFFAB29E2BB7600137007 /* Project object */ = {
			isa = PBXProject;
			attributes = {
				BuildIndependentTargetsInParallel = 1;
				LastSwiftUpdateCheck = 1420;
				LastUpgradeCheck = 1420;
				TargetAttributes = {
					8E3EFFB229E2BB7600137007 = {
						CreatedOnToolsVersion = 14.2;
					};
				};
			};
			buildConfigurationList = 8E3EFFAE29E2BB7600137007 /* Build configuration list for PBXProject "PersonalQuizLKS" */;
			compatibilityVersion = "Xcode 14.0";
			developmentRegion = en;
			hasScannedForEncodings = 0;
			knownRegions = (
				en,
				Base,
			);
			mainGroup = 8E3EFFAA29E2BB7600137007;
			productRefGroup = 8E3EFFB429E2BB7600137007 /* Products */;
			projectDirPath = "";
			projectRoot = "";
			targets = (
				8E3EFFB229E2BB7600137007 /* PersonalQuizLKS */,
			);
		};
/* End PBXProject section */

/* Begin PBXResourcesBuildPhase section */
		8E3EFFB129E2BB7600137007 /* Resources */ = {
			isa = PBXResourcesBuildPhase;
			buildActionMask = 2147483647;
			files = (
				8E3EFFC329E2BB7700137007 /* LaunchScreen.storyboard in Resources */,
				8E3EFFC029E2BB7700137007 /* Assets.xcassets in Resources */,
				8E3EFFBE29E2BB7600137007 /* Main.storyboard in Resources */,
			);
			runOnlyForDeploymentPostprocessing = 0;
		};
/* End PBXResourcesBuildPhase section */

/* Begin PBXSourcesBuildPhase section */
		8E3EFFAF29E2BB7600137007 /* Sources */ = {
			isa = PBXSourcesBuildPhase;
			buildActionMask = 2147483647;
			files = (
				8E3EFFBB29E2BB7600137007 /* ViewController.swift in Sources */,
				8E3EFFCF29E2BC9F00137007 /* Question.swift in Sources */,
				8E3EFFB729E2BB7600137007 /* AppDelegate.swift in Sources */,
				8E3EFFB929E2BB7600137007 /* SceneDelegate.swift in Sources */,
			);
			runOnlyForDeploymentPostprocessing = 0;
		};
/* End PBXSourcesBuildPhase section */

/* Begin PBXVariantGroup section */
		8E3EFFBC29E2BB7600137007 /* Main.storyboard */ = {
			isa = PBXVariantGroup;
			children = (
				8E3EFFBD29E2BB7600137007 /* Base */,
			);
			name = Main.storyboard;
			sourceTree = "<group>";
		};
		8E3EFFC129E2BB7700137007 /* LaunchScreen.storyboard */ = {
			isa = PBXVariantGroup;
			children = (
				8E3EFFC229E2BB7700137007 /* Base */,
			);
			name = LaunchScreen.storyboard;
			sourceTree = "<group>";
		};
/* End PBXVariantGroup section */

/* Begin XCBuildConfiguration section */
		8E3EFFC529E2BB7700137007 /* Debug */ = {
			isa = XCBuildConfiguration;
			buildSettings = {
				ALWAYS_SEARCH_USER_PATHS = NO;
				CLANG_ANALYZER_NONNULL = YES;
				CLANG_ANALYZER_NUMBER_OBJECT_CONVERSION = YES_AGGRESSIVE;
				CLANG_CXX_LANGUAGE_STANDARD = "gnu++20";
				CLANG_ENABLE_MODULES = YES;
				CLANG_ENABLE_OBJC_ARC = YES;
				CLANG_ENABLE_OBJC_WEAK = YES;
				CLANG_WARN_BLOCK_CAPTURE_AUTORELEASING = YES;
				CLANG_WARN_BOOL_CONVERSION = YES;
				CLANG_WARN_COMMA = YES;
				CLANG_WARN_CONSTANT_CONVERSION = YES;
				CLANG_WARN_DEPRECATED_OBJC_IMPLEMENTATIONS = YES;
				CLANG_WARN_DIRECT_OBJC_ISA_USAGE = YES_ERROR;
				CLANG_WARN_DOCUMENTATION_COMMENTS = YES;
				CLANG_WARN_EMPTY_BODY = YES;
				CLANG_WARN_ENUM_CONVERSION = YES;
				CLANG_WARN_INFINITE_RECURSION = YES;
				CLANG_WARN_INT_CONVERSION = YES;
				CLANG_WARN_NON_LITERAL_NULL_CONVERSION = YES;
				CLANG_WARN_OBJC_IMPLICIT_RETAIN_SELF = YES;
				CLANG_WARN_OBJC_LITERAL_CONVERSION = YES;
				CLANG_WARN_OBJC_ROOT_CLASS = YES_ERROR;
				CLANG_WARN_QUOTED_INCLUDE_IN_FRAMEWORK_HEADER = YES;
				CLANG_WARN_RANGE_LOOP_ANALYSIS = YES;
				CLANG_WARN_STRICT_PROTOTYPES = YES;
				CLANG_WARN_SUSPICIOUS_MOVE = YES;
				CLANG_WARN_UNGUARDED_AVAILABILITY = YES_AGGRESSIVE;
				CLANG_WARN_UNREACHABLE_CODE = YES;
				CLANG_WARN__DUPLICATE_METHOD_MATCH = YES;
				COPY_PHASE_STRIP = NO;
				DEBUG_INFORMATION_FORMAT = dwarf;
				ENABLE_STRICT_OBJC_MSGSEND = YES;
				ENABLE_TESTABILITY = YES;
				GCC_C_LANGUAGE_STANDARD = gnu11;
				GCC_DYNAMIC_NO_PIC = NO;
				GCC_NO_COMMON_BLOCKS = YES;
				GCC_OPTIMIZATION_LEVEL = 0;
				GCC_PREPROCESSOR_DEFINITIONS = (
					"DEBUG=1",
					"$(inherited)",
				);
				GCC_WARN_64_TO_32_BIT_CONVERSION = YES;
				GCC_WARN_ABOUT_RETURN_TYPE = YES_ERROR;
				GCC_WARN_UNDECLARED_SELECTOR = YES;
				GCC_WARN_UNINITIALIZED_AUTOS = YES_AGGRESSIVE;
				GCC_WARN_UNUSED_FUNCTION = YES;
				GCC_WARN_UNUSED_VARIABLE = YES;
				IPHONEOS_DEPLOYMENT_TARGET = 16.2;
				MTL_ENABLE_DEBUG_INFO = INCLUDE_SOURCE;
				MTL_FAST_MATH = YES;
				ONLY_ACTIVE_ARCH = YES;
				SDKROOT = iphoneos;
				SWIFT_ACTIVE_COMPILATION_CONDITIONS = DEBUG;
				SWIFT_OPTIMIZATION_LEVEL = "-Onone";
			};
			name = Debug;
		};
		8E3EFFC629E2BB7700137007 /* Release */ = {
			isa = XCBuildConfiguration;
			buildSettings = {
				ALWAYS_SEARCH_USER_PATHS = NO;
				CLANG_ANALYZER_NONNULL = YES;
				CLANG_ANALYZER_NUMBER_OBJECT_CONVERSION = YES_AGGRESSIVE;
				CLANG_CXX_LANGUAGE_STANDARD = "gnu++20";
				CLANG_ENABLE_MODULES = YES;
				CLANG_ENABLE_OBJC_ARC = YES;
				CLANG_ENABLE_OBJC_WEAK = YES;
				CLANG_WARN_BLOCK_CAPTURE_AUTORELEASING = YES;
				CLANG_WARN_BOOL_CONVERSION = YES;
				CLANG_WARN_COMMA = YES;
				CLANG_WARN_CONSTANT_CONVERSION = YES;
				CLANG_WARN_DEPRECATED_OBJC_IMPLEMENTATIONS = YES;
				CLANG_WARN_DIRECT_OBJC_ISA_USAGE = YES_ERROR;
				CLANG_WARN_DOCUMENTATION_COMMENTS = YES;
				CLANG_WARN_EMPTY_BODY = YES;
				CLANG_WARN_ENUM_CONVERSION = YES;
				CLANG_WARN_INFINITE_RECURSION = YES;
				CLANG_WARN_INT_CONVERSION = YES;
				CLANG_WARN_NON_LITERAL_NULL_CONVERSION = YES;
				CLANG_WARN_OBJC_IMPLICIT_RETAIN_SELF = YES;
				CLANG_WARN_OBJC_LITERAL_CONVERSION = YES;
				CLANG_WARN_OBJC_ROOT_CLASS = YES_ERROR;
				CLANG_WARN_QUOTED_INCLUDE_IN_FRAMEWORK_HEADER = YES;
				CLANG_WARN_RANGE_LOOP_ANALYSIS = YES;
				CLANG_WARN_STRICT_PROTOTYPES = YES;
				CLANG_WARN_SUSPICIOUS_MOVE = YES;
				CLANG_WARN_UNGUARDED_AVAILABILITY = YES_AGGRESSIVE;
				CLANG_WARN_UNREACHABLE_CODE = YES;
				CLANG_WARN__DUPLICATE_METHOD_MATCH = YES;
				COPY_PHASE_STRIP = NO;
				DEBUG_INFORMATION_FORMAT = "dwarf-with-dsym";
				ENABLE_NS_ASSERTIONS = NO;
				ENABLE_STRICT_OBJC_MSGSEND = YES;
				GCC_C_LANGUAGE_STANDARD = gnu11;
				GCC_NO_COMMON_BLOCKS = YES;
				GCC_WARN_64_TO_32_BIT_CONVERSION = YES;
				GCC_WARN_ABOUT_RETURN_TYPE = YES_ERROR;
				GCC_WARN_UNDECLARED_SELECTOR = YES;
				GCC_WARN_UNINITIALIZED_AUTOS = YES_AGGRESSIVE;
				GCC_WARN_UNUSED_FUNCTION = YES;
				GCC_WARN_UNUSED_VARIABLE = YES;
				IPHONEOS_DEPLOYMENT_TARGET = 16.2;
				MTL_ENABLE_DEBUG_INFO = NO;
				MTL_FAST_MATH = YES;
				SDKROOT = iphoneos;
				SWIFT_COMPILATION_MODE = wholemodule;
				SWIFT_OPTIMIZATION_LEVEL = "-O";
				VALIDATE_PRODUCT = YES;
			};
			name = Release;
		};
		8E3EFFC829E2BB7700137007 /* Debug */ = {
			isa = XCBuildConfiguration;
			buildSettings = {
				ASSETCATALOG_COMPILER_APPICON_NAME = AppIcon;
				ASSETCATALOG_COMPILER_GLOBAL_ACCENT_COLOR_NAME = AccentColor;
				CODE_SIGN_STYLE = Automatic;
				CURRENT_PROJECT_VERSION = 1;
				GENERATE_INFOPLIST_FILE = YES;
				INFOPLIST_FILE = PersonalQuizLKS/Info.plist;
				INFOPLIST_KEY_UIApplicationSupportsIndirectInputEvents = YES;
				INFOPLIST_KEY_UILaunchStoryboardName = LaunchScreen;
				INFOPLIST_KEY_UIMainStoryboardFile = Main;
				INFOPLIST_KEY_UISupportedInterfaceOrientations = UIInterfaceOrientationPortrait;
				INFOPLIST_KEY_UISupportedInterfaceOrientations_iPad = "UIInterfaceOrientationLandscapeLeft UIInterfaceOrientationLandscapeRight UIInterfaceOrientationPortrait UIInterfaceOrientationPortraitUpsideDown";
				LD_RUNPATH_SEARCH_PATHS = (
					"$(inherited)",
					"@executable_path/Frameworks",
				);
				MARKETING_VERSION = 1.0;
				PRODUCT_BUNDLE_IDENTIFIER = L.K.S..PersonalQuizLKS;
				PRODUCT_NAME = "$(TARGET_NAME)";
				SUPPORTED_PLATFORMS = "iphoneos iphonesimulator";
				SUPPORTS_MACCATALYST = NO;
				SUPPORTS_MAC_DESIGNED_FOR_IPHONE_IPAD = NO;
				SWIFT_EMIT_LOC_STRINGS = YES;
				SWIFT_VERSION = 5.0;
				TARGETED_DEVICE_FAMILY = 1;
			};
			name = Debug;
		};
		8E3EFFC929E2BB7700137007 /* Release */ = {
			isa = XCBuildConfiguration;
			buildSettings = {
				ASSETCATALOG_COMPILER_APPICON_NAME = AppIcon;
				ASSETCATALOG_COMPILER_GLOBAL_ACCENT_COLOR_NAME = AccentColor;
				CODE_SIGN_STYLE = Automatic;
				CURRENT_PROJECT_VERSION = 1;
				GENERATE_INFOPLIST_FILE = YES;
				INFOPLIST_FILE = PersonalQuizLKS/Info.plist;
				INFOPLIST_KEY_UIApplicationSupportsIndirectInputEvents = YES;
				INFOPLIST_KEY_UILaunchStoryboardName = LaunchScreen;
				INFOPLIST_KEY_UIMainStoryboardFile = Main;
				INFOPLIST_KEY_UISupportedInterfaceOrientations = UIInterfaceOrientationPortrait;
				INFOPLIST_KEY_UISupportedInterfaceOrientations_iPad = "UIInterfaceOrientationLandscapeLeft UIInterfaceOrientationLandscapeRight UIInterfaceOrientationPortrait UIInterfaceOrientationPortraitUpsideDown";
				LD_RUNPATH_SEARCH_PATHS = (
					"$(inherited)",
					"@executable_path/Frameworks",
				);
				MARKETING_VERSION = 1.0;
				PRODUCT_BUNDLE_IDENTIFIER = L.K.S..PersonalQuizLKS;
				PRODUCT_NAME = "$(TARGET_NAME)";
				SUPPORTED_PLATFORMS = "iphoneos iphonesimulator";
				SUPPORTS_MACCATALYST = NO;
				SUPPORTS_MAC_DESIGNED_FOR_IPHONE_IPAD = NO;
				SWIFT_EMIT_LOC_STRINGS = YES;
				SWIFT_VERSION = 5.0;
				TARGETED_DEVICE_FAMILY = 1;
			};
			name = Release;
		};
/* End XCBuildConfiguration section */

/* Begin XCConfigurationList section */
		8E3EFFAE29E2BB7600137007 /* Build configuration list for PBXProject "PersonalQuizLKS" */ = {
			isa = XCConfigurationList;
			buildConfigurations = (
				8E3EFFC529E2BB7700137007 /* Debug */,
				8E3EFFC629E2BB7700137007 /* Release */,
			);
			defaultConfigurationIsVisible = 0;
			defaultConfigurationName = Release;
		};
		8E3EFFC729E2BB7700137007 /* Build configuration list for PBXNativeTarget "PersonalQuizLKS" */ = {
			isa = XCConfigurationList;
			buildConfigurations = (
				8E3EFFC829E2BB7700137007 /* Debug */,
				8E3EFFC929E2BB7700137007 /* Release */,
			);
			defaultConfigurationIsVisible = 0;
			defaultConfigurationName = Release;
		};
/* End XCConfigurationList section */
	};
	rootObject = 8E3EFFAB29E2BB7600137007 /* Project object */;
}
